
Microsoft Visual Studio Solution File, Format Version 12.00
# Visual Studio Version 17
VisualStudioVersion = 17.7.34031.279
MinimumVisualStudioVersion = 10.0.40219.1
Project("{E24C65DC-7377-472B-9ABA-BC803B73C61A}") = "Cat", ".", "{BE57E3D6-9021-4C9B-AF73-ED3D5D172306}"
	ProjectSection(WebsiteProperties) = preProject
		TargetFrameworkMoniker = ".NETFramework,Version%3Dv4.7.2"
		Debug.AspNetCompiler.VirtualPath = "/localhost_52113"
		Debug.AspNetCompiler.PhysicalPath = "..\Cat\"
		Debug.AspNetCompiler.TargetPath = "PrecompiledWeb\localhost_52113\"
		Debug.AspNetCompiler.Updateable = "true"
		Debug.AspNetCompiler.ForceOverwrite = "true"
		Debug.AspNetCompiler.FixedNames = "false"
		Debug.AspNetCompiler.Debug = "True"
		Release.AspNetCompiler.VirtualPath = "/localhost_52113"
		Release.AspNetCompiler.PhysicalPath = "..\Cat\"
		Release.AspNetCompiler.TargetPath = "PrecompiledWeb\localhost_52113\"
		Release.AspNetCompiler.Updateable = "true"
		Release.AspNetCompiler.ForceOverwrite = "true"
		Release.AspNetCompiler.FixedNames = "false"
		Release.AspNetCompiler.Debug = "False"
		VWDPort = "52113"
		SlnRelativePath = "..\Cat\"
		DefaultWebSiteLanguage = "Visual C#"
	EndProjectSection
EndProject
Global
	GlobalSection(SolutionConfigurationPlatforms) = preSolution
		Debug|Any CPU = Debug|Any CPU
	EndGlobalSection
	GlobalSection(ProjectConfigurationPlatforms) = postSolution
		{BE57E3D6-9021-4C9B-AF73-ED3D5D172306}.Debug|Any CPU.ActiveCfg = Debug|Any CPU
		{BE57E3D6-9021-4C9B-AF73-ED3D5D172306}.Debug|Any CPU.Build.0 = Debug|Any CPU
	EndGlobalSection
	GlobalSection(SolutionProperties) = preSolution
		HideSolutionNode = FALSE
	EndGlobalSection
	GlobalSection(ExtensibilityGlobals) = postSolution
		SolutionGuid = {19C8FA3F-534F-421C-BD2A-5C5C9FCBA60B}
	EndGlobalSection
EndGlobal
